
Microsoft Visual Studio Solution File, Format Version 12.00
# Visual Studio Version 17
VisualStudioVersion = 17.5.33530.505
MinimumVisualStudioVersion = 10.0.40219.1
Project("{2150E333-8FDC-42A3-9474-1A3956D46DE8}") = "Services", "Services", "{6CE0AB06-8AA9-492F-A297-08A1237F1389}"
EndProject
Project("{2150E333-8FDC-42A3-9474-1A3956D46DE8}") = "Catalog", "Catalog", "{22F62D1C-DDC7-422E-AE25-505397AD6768}"
EndProject
Project("{9A19103F-16F7-4668-BE54-9A1E7A4F7556}") = "Catalog.API", "Services\Catalog\Catalog.API\Catalog.API.csproj", "{10F450DD-0817-47A8-AAD5-D537A490B91E}"
EndProject
Project("{2150E333-8FDC-42A3-9474-1A3956D46DE8}") = "Solution Items", "Solution Items", "{7DB0F963-0EF5-4390-B0DF-15682C6E5BE4}"
	ProjectSection(SolutionItems) = preProject
		Docker_Config.txt = Docker_Config.txt
		Infos.txt = Infos.txt
		Ports.txt = Ports.txt
	EndProjectSection
EndProject
Project("{2150E333-8FDC-42A3-9474-1A3956D46DE8}") = "Shared", "Shared", "{F6B7A91B-A88F-42BA-8B38-0040DEAA54B9}"
EndProject
Project("{9A19103F-16F7-4668-BE54-9A1E7A4F7556}") = "SharedLibrary", "Shared\SharedLibrary\SharedLibrary.csproj", "{1908C421-6BF4-41CE-A6EC-147AF4B960EF}"
EndProject
Project("{2150E333-8FDC-42A3-9474-1A3956D46DE8}") = "IdentityServer4", "IdentityServer4", "{F347BE47-4896-4291-A968-A2B1295CA45C}"
EndProject
Project("{9A19103F-16F7-4668-BE54-9A1E7A4F7556}") = "MicroserviceProject.IdentityServer", "MicroserviceProject.IdentityServer\MicroserviceProject.IdentityServer.csproj", "{7B2FF500-53D7-445B-BAFB-4BD4FEABA95E}"
EndProject
Global
	GlobalSection(SolutionConfigurationPlatforms) = preSolution
		Debug|Any CPU = Debug|Any CPU
		Release|Any CPU = Release|Any CPU
	EndGlobalSection
	GlobalSection(ProjectConfigurationPlatforms) = postSolution
		{10F450DD-0817-47A8-AAD5-D537A490B91E}.Debug|Any CPU.ActiveCfg = Debug|Any CPU
		{10F450DD-0817-47A8-AAD5-D537A490B91E}.Debug|Any CPU.Build.0 = Debug|Any CPU
		{10F450DD-0817-47A8-AAD5-D537A490B91E}.Release|Any CPU.ActiveCfg = Release|Any CPU
		{10F450DD-0817-47A8-AAD5-D537A490B91E}.Release|Any CPU.Build.0 = Release|Any CPU
		{1908C421-6BF4-41CE-A6EC-147AF4B960EF}.Debug|Any CPU.ActiveCfg = Debug|Any CPU
		{1908C421-6BF4-41CE-A6EC-147AF4B960EF}.Debug|Any CPU.Build.0 = Debug|Any CPU
		{1908C421-6BF4-41CE-A6EC-147AF4B960EF}.Release|Any CPU.ActiveCfg = Release|Any CPU
		{1908C421-6BF4-41CE-A6EC-147AF4B960EF}.Release|Any CPU.Build.0 = Release|Any CPU
		{7B2FF500-53D7-445B-BAFB-4BD4FEABA95E}.Debug|Any CPU.ActiveCfg = Debug|Any CPU
		{7B2FF500-53D7-445B-BAFB-4BD4FEABA95E}.Debug|Any CPU.Build.0 = Debug|Any CPU
		{7B2FF500-53D7-445B-BAFB-4BD4FEABA95E}.Release|Any CPU.ActiveCfg = Release|Any CPU
		{7B2FF500-53D7-445B-BAFB-4BD4FEABA95E}.Release|Any CPU.Build.0 = Release|Any CPU
	EndGlobalSection
	GlobalSection(SolutionProperties) = preSolution
		HideSolutionNode = FALSE
	EndGlobalSection
	GlobalSection(NestedProjects) = preSolution
		{22F62D1C-DDC7-422E-AE25-505397AD6768} = {6CE0AB06-8AA9-492F-A297-08A1237F1389}
		{10F450DD-0817-47A8-AAD5-D537A490B91E} = {22F62D1C-DDC7-422E-AE25-505397AD6768}
		{1908C421-6BF4-41CE-A6EC-147AF4B960EF} = {F6B7A91B-A88F-42BA-8B38-0040DEAA54B9}
		{7B2FF500-53D7-445B-BAFB-4BD4FEABA95E} = {F347BE47-4896-4291-A968-A2B1295CA45C}
	EndGlobalSection
	GlobalSection(ExtensibilityGlobals) = postSolution
		SolutionGuid = {A8E48F0B-5369-41F3-8D85-699375F03243}
	EndGlobalSection
EndGlobal
