
Microsoft Visual Studio Solution File, Format Version 12.00
# Visual Studio Version 17
VisualStudioVersion = 17.5.33530.505
MinimumVisualStudioVersion = 10.0.40219.1
Project("{2150E333-8FDC-42A3-9474-1A3956D46DE8}") = "Services", "Services", "{6CE0AB06-8AA9-492F-A297-08A1237F1389}"
EndProject
Project("{2150E333-8FDC-42A3-9474-1A3956D46DE8}") = "Catalog", "Catalog", "{22F62D1C-DDC7-422E-AE25-505397AD6768}"
EndProject
Project("{9A19103F-16F7-4668-BE54-9A1E7A4F7556}") = "Catalog.API", "Services\Catalog\Catalog.API\Catalog.API.csproj", "{10F450DD-0817-47A8-AAD5-D537A490B91E}"
EndProject
Project("{2150E333-8FDC-42A3-9474-1A3956D46DE8}") = "Solution Items", "Solution Items", "{7DB0F963-0EF5-4390-B0DF-15682C6E5BE4}"
	ProjectSection(SolutionItems) = preProject
		CatalogApi_Infos.txt = CatalogApi_Infos.txt
		DiscountApi_Infos.txt = DiscountApi_Infos.txt
		BasketApi_Infos.txt = BasketApi_Infos.txt
		Docker_Config.txt = Docker_Config.txt
		Infos.txt = Infos.txt
		PhotoStockApi_Infos.txt = PhotoStockApi_Infos.txt
		Ports.txt = Ports.txt
		PostmanTest.txt = PostmanTest.txt
	EndProjectSection
EndProject
Project("{2150E333-8FDC-42A3-9474-1A3956D46DE8}") = "Shared", "Shared", "{F6B7A91B-A88F-42BA-8B38-0040DEAA54B9}"
EndProject
Project("{9A19103F-16F7-4668-BE54-9A1E7A4F7556}") = "SharedLibrary", "Shared\SharedLibrary\SharedLibrary.csproj", "{1908C421-6BF4-41CE-A6EC-147AF4B960EF}"
EndProject
Project("{2150E333-8FDC-42A3-9474-1A3956D46DE8}") = "IdentityServer4", "IdentityServer4", "{F347BE47-4896-4291-A968-A2B1295CA45C}"
EndProject
Project("{9A19103F-16F7-4668-BE54-9A1E7A4F7556}") = "MicroserviceProject.IdentityServer", "MicroserviceProject.IdentityServer\MicroserviceProject.IdentityServer.csproj", "{7B2FF500-53D7-445B-BAFB-4BD4FEABA95E}"
EndProject
Project("{2150E333-8FDC-42A3-9474-1A3956D46DE8}") = "PhotoStock", "PhotoStock", "{265D28F7-76C3-4B86-9A44-8C7DE32969A4}"
EndProject
Project("{9A19103F-16F7-4668-BE54-9A1E7A4F7556}") = "PhotoStock.API", "Services\PhotoStock\PhotoStock.API\PhotoStock.API.csproj", "{F790EEA8-985F-4ECD-9A17-62AEEF36D017}"
EndProject
Project("{2150E333-8FDC-42A3-9474-1A3956D46DE8}") = "Basket", "Basket", "{BD2172A3-9A8B-4842-AB07-BEBFB0D048D5}"
EndProject
Project("{9A19103F-16F7-4668-BE54-9A1E7A4F7556}") = "Basket.API", "Services\Basket\Basket.API\Basket.API.csproj", "{F585655E-B456-497E-9E41-B33ED9024A23}"
EndProject
Project("{2150E333-8FDC-42A3-9474-1A3956D46DE8}") = "Discount", "Discount", "{EABE6F7E-7FEB-495B-9F0A-2646473A9D9A}"
EndProject
Project("{9A19103F-16F7-4668-BE54-9A1E7A4F7556}") = "Discount.API", "Services\Discount\Discount.API\Discount.API.csproj", "{B601F3D2-8FDD-481B-9938-B1287EEBB247}"
EndProject
Project("{2150E333-8FDC-42A3-9474-1A3956D46DE8}") = "Order", "Order", "{F755FFBD-D42C-4BE7-B0EE-25E20A473ED8}"
EndProject
Project("{FAE04EC0-301F-11D3-BF4B-00C04F79EFBC}") = "Order.API", "Services\Order\Order.API\Order.API.csproj", "{26D62D32-5FC8-4E85-8AAD-F2C9B1411CFC}"
EndProject
Project("{FAE04EC0-301F-11D3-BF4B-00C04F79EFBC}") = "Order.Application", "Services\Order\Order.Application\Order.Application.csproj", "{4D1B96AD-1323-4968-81C1-3BC3FFA5D9E8}"
EndProject
Project("{FAE04EC0-301F-11D3-BF4B-00C04F79EFBC}") = "Order.Domain", "Services\Order\Order.Domain\Order.Domain.csproj", "{7378E58F-7F48-46A1-9327-67282CA242E2}"
EndProject
Project("{FAE04EC0-301F-11D3-BF4B-00C04F79EFBC}") = "Order.Domain.Core", "Services\Order\Order.Domain.Core\Order.Domain.Core.csproj", "{A7A3A6E7-B415-43DD-ADEF-F1F6B966DE5A}"
EndProject
Project("{FAE04EC0-301F-11D3-BF4B-00C04F79EFBC}") = "Order.Infrastructure", "Services\Order\Order.Infrastructure\Order.Infrastructure.csproj", "{0A2AA646-8C76-45AE-9120-35FF8BEB3644}"
EndProject
Global
	GlobalSection(SolutionConfigurationPlatforms) = preSolution
		Debug|Any CPU = Debug|Any CPU
		Release|Any CPU = Release|Any CPU
	EndGlobalSection
	GlobalSection(ProjectConfigurationPlatforms) = postSolution
		{10F450DD-0817-47A8-AAD5-D537A490B91E}.Debug|Any CPU.ActiveCfg = Debug|Any CPU
		{10F450DD-0817-47A8-AAD5-D537A490B91E}.Debug|Any CPU.Build.0 = Debug|Any CPU
		{10F450DD-0817-47A8-AAD5-D537A490B91E}.Release|Any CPU.ActiveCfg = Release|Any CPU
		{10F450DD-0817-47A8-AAD5-D537A490B91E}.Release|Any CPU.Build.0 = Release|Any CPU
		{1908C421-6BF4-41CE-A6EC-147AF4B960EF}.Debug|Any CPU.ActiveCfg = Debug|Any CPU
		{1908C421-6BF4-41CE-A6EC-147AF4B960EF}.Debug|Any CPU.Build.0 = Debug|Any CPU
		{1908C421-6BF4-41CE-A6EC-147AF4B960EF}.Release|Any CPU.ActiveCfg = Release|Any CPU
		{1908C421-6BF4-41CE-A6EC-147AF4B960EF}.Release|Any CPU.Build.0 = Release|Any CPU
		{7B2FF500-53D7-445B-BAFB-4BD4FEABA95E}.Debug|Any CPU.ActiveCfg = Debug|Any CPU
		{7B2FF500-53D7-445B-BAFB-4BD4FEABA95E}.Debug|Any CPU.Build.0 = Debug|Any CPU
		{7B2FF500-53D7-445B-BAFB-4BD4FEABA95E}.Release|Any CPU.ActiveCfg = Release|Any CPU
		{7B2FF500-53D7-445B-BAFB-4BD4FEABA95E}.Release|Any CPU.Build.0 = Release|Any CPU
		{F790EEA8-985F-4ECD-9A17-62AEEF36D017}.Debug|Any CPU.ActiveCfg = Debug|Any CPU
		{F790EEA8-985F-4ECD-9A17-62AEEF36D017}.Debug|Any CPU.Build.0 = Debug|Any CPU
		{F790EEA8-985F-4ECD-9A17-62AEEF36D017}.Release|Any CPU.ActiveCfg = Release|Any CPU
		{F790EEA8-985F-4ECD-9A17-62AEEF36D017}.Release|Any CPU.Build.0 = Release|Any CPU
		{F585655E-B456-497E-9E41-B33ED9024A23}.Debug|Any CPU.ActiveCfg = Debug|Any CPU
		{F585655E-B456-497E-9E41-B33ED9024A23}.Debug|Any CPU.Build.0 = Debug|Any CPU
		{F585655E-B456-497E-9E41-B33ED9024A23}.Release|Any CPU.ActiveCfg = Release|Any CPU
		{F585655E-B456-497E-9E41-B33ED9024A23}.Release|Any CPU.Build.0 = Release|Any CPU
		{B601F3D2-8FDD-481B-9938-B1287EEBB247}.Debug|Any CPU.ActiveCfg = Debug|Any CPU
		{B601F3D2-8FDD-481B-9938-B1287EEBB247}.Debug|Any CPU.Build.0 = Debug|Any CPU
		{B601F3D2-8FDD-481B-9938-B1287EEBB247}.Release|Any CPU.ActiveCfg = Release|Any CPU
		{B601F3D2-8FDD-481B-9938-B1287EEBB247}.Release|Any CPU.Build.0 = Release|Any CPU
		{26D62D32-5FC8-4E85-8AAD-F2C9B1411CFC}.Debug|Any CPU.ActiveCfg = Debug|Any CPU
		{26D62D32-5FC8-4E85-8AAD-F2C9B1411CFC}.Debug|Any CPU.Build.0 = Debug|Any CPU
		{26D62D32-5FC8-4E85-8AAD-F2C9B1411CFC}.Release|Any CPU.ActiveCfg = Release|Any CPU
		{26D62D32-5FC8-4E85-8AAD-F2C9B1411CFC}.Release|Any CPU.Build.0 = Release|Any CPU
		{4D1B96AD-1323-4968-81C1-3BC3FFA5D9E8}.Debug|Any CPU.ActiveCfg = Debug|Any CPU
		{4D1B96AD-1323-4968-81C1-3BC3FFA5D9E8}.Debug|Any CPU.Build.0 = Debug|Any CPU
		{4D1B96AD-1323-4968-81C1-3BC3FFA5D9E8}.Release|Any CPU.ActiveCfg = Release|Any CPU
		{4D1B96AD-1323-4968-81C1-3BC3FFA5D9E8}.Release|Any CPU.Build.0 = Release|Any CPU
		{7378E58F-7F48-46A1-9327-67282CA242E2}.Debug|Any CPU.ActiveCfg = Debug|Any CPU
		{7378E58F-7F48-46A1-9327-67282CA242E2}.Debug|Any CPU.Build.0 = Debug|Any CPU
		{7378E58F-7F48-46A1-9327-67282CA242E2}.Release|Any CPU.ActiveCfg = Release|Any CPU
		{7378E58F-7F48-46A1-9327-67282CA242E2}.Release|Any CPU.Build.0 = Release|Any CPU
		{A7A3A6E7-B415-43DD-ADEF-F1F6B966DE5A}.Debug|Any CPU.ActiveCfg = Debug|Any CPU
		{A7A3A6E7-B415-43DD-ADEF-F1F6B966DE5A}.Debug|Any CPU.Build.0 = Debug|Any CPU
		{A7A3A6E7-B415-43DD-ADEF-F1F6B966DE5A}.Release|Any CPU.ActiveCfg = Release|Any CPU
		{A7A3A6E7-B415-43DD-ADEF-F1F6B966DE5A}.Release|Any CPU.Build.0 = Release|Any CPU
		{0A2AA646-8C76-45AE-9120-35FF8BEB3644}.Debug|Any CPU.ActiveCfg = Debug|Any CPU
		{0A2AA646-8C76-45AE-9120-35FF8BEB3644}.Debug|Any CPU.Build.0 = Debug|Any CPU
		{0A2AA646-8C76-45AE-9120-35FF8BEB3644}.Release|Any CPU.ActiveCfg = Release|Any CPU
		{0A2AA646-8C76-45AE-9120-35FF8BEB3644}.Release|Any CPU.Build.0 = Release|Any CPU
	EndGlobalSection
	GlobalSection(SolutionProperties) = preSolution
		HideSolutionNode = FALSE
	EndGlobalSection
	GlobalSection(NestedProjects) = preSolution
		{22F62D1C-DDC7-422E-AE25-505397AD6768} = {6CE0AB06-8AA9-492F-A297-08A1237F1389}
		{10F450DD-0817-47A8-AAD5-D537A490B91E} = {22F62D1C-DDC7-422E-AE25-505397AD6768}
		{1908C421-6BF4-41CE-A6EC-147AF4B960EF} = {F6B7A91B-A88F-42BA-8B38-0040DEAA54B9}
		{7B2FF500-53D7-445B-BAFB-4BD4FEABA95E} = {F347BE47-4896-4291-A968-A2B1295CA45C}
		{265D28F7-76C3-4B86-9A44-8C7DE32969A4} = {6CE0AB06-8AA9-492F-A297-08A1237F1389}
		{F790EEA8-985F-4ECD-9A17-62AEEF36D017} = {265D28F7-76C3-4B86-9A44-8C7DE32969A4}
		{BD2172A3-9A8B-4842-AB07-BEBFB0D048D5} = {6CE0AB06-8AA9-492F-A297-08A1237F1389}
		{F585655E-B456-497E-9E41-B33ED9024A23} = {BD2172A3-9A8B-4842-AB07-BEBFB0D048D5}
		{EABE6F7E-7FEB-495B-9F0A-2646473A9D9A} = {6CE0AB06-8AA9-492F-A297-08A1237F1389}
		{B601F3D2-8FDD-481B-9938-B1287EEBB247} = {EABE6F7E-7FEB-495B-9F0A-2646473A9D9A}
		{F755FFBD-D42C-4BE7-B0EE-25E20A473ED8} = {6CE0AB06-8AA9-492F-A297-08A1237F1389}
		{26D62D32-5FC8-4E85-8AAD-F2C9B1411CFC} = {F755FFBD-D42C-4BE7-B0EE-25E20A473ED8}
		{4D1B96AD-1323-4968-81C1-3BC3FFA5D9E8} = {F755FFBD-D42C-4BE7-B0EE-25E20A473ED8}
		{7378E58F-7F48-46A1-9327-67282CA242E2} = {F755FFBD-D42C-4BE7-B0EE-25E20A473ED8}
		{A7A3A6E7-B415-43DD-ADEF-F1F6B966DE5A} = {F755FFBD-D42C-4BE7-B0EE-25E20A473ED8}
		{0A2AA646-8C76-45AE-9120-35FF8BEB3644} = {F755FFBD-D42C-4BE7-B0EE-25E20A473ED8}
	EndGlobalSection
	GlobalSection(ExtensibilityGlobals) = postSolution
		SolutionGuid = {A8E48F0B-5369-41F3-8D85-699375F03243}
	EndGlobalSection
EndGlobal
